
Microsoft Visual Studio Solution File, Format Version 12.00
# Visual Studio 15
VisualStudioVersion = 15.0.28010.2003
MinimumVisualStudioVersion = 10.0.40219.1
Project("{00D1A9C2-B5F0-4AF3-8072-F6C62B433612}") = "SalesOrder", "SalesOrder\SalesOrder.sqlproj", "{EB559876-8AEB-4102-92AC-306255058C36}"
EndProject
Global
	GlobalSection(SolutionConfigurationPlatforms) = preSolution
		Debug|Any CPU = Debug|Any CPU
		Release|Any CPU = Release|Any CPU
	EndGlobalSection
	GlobalSection(ProjectConfigurationPlatforms) = postSolution
		{EB559876-8AEB-4102-92AC-306255058C36}.Debug|Any CPU.ActiveCfg = Debug|Any CPU
		{EB559876-8AEB-4102-92AC-306255058C36}.Debug|Any CPU.Build.0 = Debug|Any CPU
		{EB559876-8AEB-4102-92AC-306255058C36}.Debug|Any CPU.Deploy.0 = Debug|Any CPU
		{EB559876-8AEB-4102-92AC-306255058C36}.Release|Any CPU.ActiveCfg = Release|Any CPU
		{EB559876-8AEB-4102-92AC-306255058C36}.Release|Any CPU.Build.0 = Release|Any CPU
		{EB559876-8AEB-4102-92AC-306255058C36}.Release|Any CPU.Deploy.0 = Release|Any CPU
	EndGlobalSection
	GlobalSection(SolutionProperties) = preSolution
		HideSolutionNode = FALSE
	EndGlobalSection
	GlobalSection(ExtensibilityGlobals) = postSolution
		SolutionGuid = {B6DA7F27-CF3C-4396-9C33-6BA2510BD7D8}
	EndGlobalSection
EndGlobal
